
Microsoft Visual Studio Solution File, Format Version 12.00
# Visual Studio Version 17
VisualStudioVersion = 17.7.34024.191
MinimumVisualStudioVersion = 10.0.40219.1
Project("{FAE04EC0-301F-11D3-BF4B-00C04F79EFBC}") = "WindowsFormsApp8", "WindowsFormsApp8\WindowsFormsApp8.csproj", "{121A9233-CC6C-4868-AEDF-9F5D8E0E4C9F}"
EndProject
Global
	GlobalSection(SolutionConfigurationPlatforms) = preSolution
		Debug|Any CPU = Debug|Any CPU
		Release|Any CPU = Release|Any CPU
	EndGlobalSection
	GlobalSection(ProjectConfigurationPlatforms) = postSolution
		{121A9233-CC6C-4868-AEDF-9F5D8E0E4C9F}.Debug|Any CPU.ActiveCfg = Debug|Any CPU
		{121A9233-CC6C-4868-AEDF-9F5D8E0E4C9F}.Debug|Any CPU.Build.0 = Debug|Any CPU
		{121A9233-CC6C-4868-AEDF-9F5D8E0E4C9F}.Release|Any CPU.ActiveCfg = Release|Any CPU
		{121A9233-CC6C-4868-AEDF-9F5D8E0E4C9F}.Release|Any CPU.Build.0 = Release|Any CPU
	EndGlobalSection
	GlobalSection(SolutionProperties) = preSolution
		HideSolutionNode = FALSE
	EndGlobalSection
	GlobalSection(ExtensibilityGlobals) = postSolution
		SolutionGuid = {63C7F6DC-81CB-4B44-8D50-EEAD31604EC7}
	EndGlobalSection
EndGlobal
